
Microsoft Visual Studio Solution File, Format Version 12.00
# Visual Studio 15
Project("{FAE04EC0-301F-11D3-BF4B-00C04F79EFBC}") = "FileApi", "FileApi\FileApi.csproj", "{B48D7270-3DA7-4E02-8573-61FBE5E99276}"
EndProject
Project("{FAE04EC0-301F-11D3-BF4B-00C04F79EFBC}") = "FileApiTest", "FileApiTest\FileApiTest.csproj", "{045AC5A0-D969-4AFD-BE14-E202B100561E}"
EndProject
Project("{E53339B2-1760-4266-BCC7-CA923CBCF16C}") = "docker-compose", "docker-compose.dcproj", "{BBE82B40-8CFC-4368-A246-8DED7DE0C2BD}"
EndProject
Global
	GlobalSection(SolutionConfigurationPlatforms) = preSolution
		Debug|Any CPU = Debug|Any CPU
		Release|Any CPU = Release|Any CPU
	EndGlobalSection
	GlobalSection(ProjectConfigurationPlatforms) = postSolution
		{B48D7270-3DA7-4E02-8573-61FBE5E99276}.Debug|Any CPU.ActiveCfg = Debug|Any CPU
		{B48D7270-3DA7-4E02-8573-61FBE5E99276}.Debug|Any CPU.Build.0 = Debug|Any CPU
		{B48D7270-3DA7-4E02-8573-61FBE5E99276}.Release|Any CPU.ActiveCfg = Release|Any CPU
		{B48D7270-3DA7-4E02-8573-61FBE5E99276}.Release|Any CPU.Build.0 = Release|Any CPU
		{045AC5A0-D969-4AFD-BE14-E202B100561E}.Debug|Any CPU.ActiveCfg = Debug|Any CPU
		{045AC5A0-D969-4AFD-BE14-E202B100561E}.Debug|Any CPU.Build.0 = Debug|Any CPU
		{045AC5A0-D969-4AFD-BE14-E202B100561E}.Release|Any CPU.ActiveCfg = Release|Any CPU
		{045AC5A0-D969-4AFD-BE14-E202B100561E}.Release|Any CPU.Build.0 = Release|Any CPU
		{BBE82B40-8CFC-4368-A246-8DED7DE0C2BD}.Debug|Any CPU.ActiveCfg = Debug|Any CPU
		{BBE82B40-8CFC-4368-A246-8DED7DE0C2BD}.Debug|Any CPU.Build.0 = Debug|Any CPU
		{BBE82B40-8CFC-4368-A246-8DED7DE0C2BD}.Release|Any CPU.ActiveCfg = Release|Any CPU
		{BBE82B40-8CFC-4368-A246-8DED7DE0C2BD}.Release|Any CPU.Build.0 = Release|Any CPU
	EndGlobalSection
EndGlobal
